
Microsoft Visual Studio Solution File, Format Version 12.00
# Visual Studio 15
VisualStudioVersion = 15.0.27906.1
MinimumVisualStudioVersion = 10.0.40219.1
Project("{FAE04EC0-301F-11D3-BF4B-00C04F79EFBC}") = "sanfoundryExamples", "sanfoundryExamples\sanfoundryExamples.csproj", "{56BC8AE8-E15D-4874-8B1F-AD3E5E6E47A6}"
EndProject
Project("{FAE04EC0-301F-11D3-BF4B-00C04F79EFBC}") = "ProgramToCheckWhetherTheEnteredNumberIsEvenOrOdd", "ProgramToCheckWhetherTheEnteredNumberIsEvenOrOdd\ProgramToCheckWhetherTheEnteredNumberIsEvenOrOdd.csproj", "{BDE67FB2-D80F-4D62-8F09-7A4CB02509C4}"
EndProject
Project("{FAE04EC0-301F-11D3-BF4B-00C04F79EFBC}") = "2_ProgramToSwap2Numbers", "2_ProgramToSwap2Numbers\2_ProgramToSwap2Numbers.csproj", "{BE6A1F9A-09CA-4375-A549-C348BE746110}"
EndProject
Project("{FAE04EC0-301F-11D3-BF4B-00C04F79EFBC}") = "03_ProgramToGetaNumberAndDisplayTheSumOfTheDigits", "03_ProgramToGetaNumberAndDisplayTheSumOfTheDigits\03_ProgramToGetaNumberAndDisplayTheSumOfTheDigits.csproj", "{4E22E7C8-799E-4084-8484-C2BCA3194D36}"
EndProject
Global
	GlobalSection(SolutionConfigurationPlatforms) = preSolution
		Debug|Any CPU = Debug|Any CPU
		Release|Any CPU = Release|Any CPU
	EndGlobalSection
	GlobalSection(ProjectConfigurationPlatforms) = postSolution
		{56BC8AE8-E15D-4874-8B1F-AD3E5E6E47A6}.Debug|Any CPU.ActiveCfg = Debug|Any CPU
		{56BC8AE8-E15D-4874-8B1F-AD3E5E6E47A6}.Debug|Any CPU.Build.0 = Debug|Any CPU
		{56BC8AE8-E15D-4874-8B1F-AD3E5E6E47A6}.Release|Any CPU.ActiveCfg = Release|Any CPU
		{56BC8AE8-E15D-4874-8B1F-AD3E5E6E47A6}.Release|Any CPU.Build.0 = Release|Any CPU
		{BDE67FB2-D80F-4D62-8F09-7A4CB02509C4}.Debug|Any CPU.ActiveCfg = Debug|Any CPU
		{BDE67FB2-D80F-4D62-8F09-7A4CB02509C4}.Debug|Any CPU.Build.0 = Debug|Any CPU
		{BDE67FB2-D80F-4D62-8F09-7A4CB02509C4}.Release|Any CPU.ActiveCfg = Release|Any CPU
		{BDE67FB2-D80F-4D62-8F09-7A4CB02509C4}.Release|Any CPU.Build.0 = Release|Any CPU
		{BE6A1F9A-09CA-4375-A549-C348BE746110}.Debug|Any CPU.ActiveCfg = Debug|Any CPU
		{BE6A1F9A-09CA-4375-A549-C348BE746110}.Debug|Any CPU.Build.0 = Debug|Any CPU
		{BE6A1F9A-09CA-4375-A549-C348BE746110}.Release|Any CPU.ActiveCfg = Release|Any CPU
		{BE6A1F9A-09CA-4375-A549-C348BE746110}.Release|Any CPU.Build.0 = Release|Any CPU
		{4E22E7C8-799E-4084-8484-C2BCA3194D36}.Debug|Any CPU.ActiveCfg = Debug|Any CPU
		{4E22E7C8-799E-4084-8484-C2BCA3194D36}.Debug|Any CPU.Build.0 = Debug|Any CPU
		{4E22E7C8-799E-4084-8484-C2BCA3194D36}.Release|Any CPU.ActiveCfg = Release|Any CPU
		{4E22E7C8-799E-4084-8484-C2BCA3194D36}.Release|Any CPU.Build.0 = Release|Any CPU
	EndGlobalSection
	GlobalSection(SolutionProperties) = preSolution
		HideSolutionNode = FALSE
	EndGlobalSection
	GlobalSection(ExtensibilityGlobals) = postSolution
		SolutionGuid = {EBA26317-CAA1-47DF-B335-F8D31168A148}
	EndGlobalSection
EndGlobal
